// !$*UTF8*$!
{
	archiveVersion = 1;
	classes = {
	};
	objectVersion = 50;
	objects = {

/* Begin PBXBuildFile section */
		F5BBAD7D24166FB500CBD320 /* AppDelegate.swift in Sources */ = {isa = PBXBuildFile; fileRef = F5BBAD7C24166FB500CBD320 /* AppDelegate.swift */; };
		F5BBAD7F24166FB500CBD320 /* SceneDelegate.swift in Sources */ = {isa = PBXBuildFile; fileRef = F5BBAD7E24166FB500CBD320 /* SceneDelegate.swift */; };
		F5BBAD8124166FB500CBD320 /* ViewController.swift in Sources */ = {isa = PBXBuildFile; fileRef = F5BBAD8024166FB500CBD320 /* ViewController.swift */; };
		F5BBAD8424166FB500CBD320 /* Main.storyboard in Resources */ = {isa = PBXBuildFile; fileRef = F5BBAD8224166FB500CBD320 /* Main.storyboard */; };
		F5BBAD8624166FB900CBD320 /* Assets.xcassets in Resources */ = {isa = PBXBuildFile; fileRef = F5BBAD8524166FB900CBD320 /* Assets.xcassets */; };
		F5BBAD8924166FB900CBD320 /* LaunchScreen.storyboard in Resources */ = {isa = PBXBuildFile; fileRef = F5BBAD8724166FB900CBD320 /* LaunchScreen.storyboard */; };
		F5BBAD912416799500CBD320 /* TableViewCell.swift in Sources */ = {isa = PBXBuildFile; fileRef = F5BBAD902416799500CBD320 /* TableViewCell.swift */; };
/* End PBXBuildFile section */

/* Begin PBXFileReference section */
		F5BBAD7924166FB500CBD320 /* GistsLoader.app */ = {isa = PBXFileReference; explicitFileType = wrapper.application; includeInIndex = 0; path = GistsLoader.app; sourceTree = BUILT_PRODUCTS_DIR; };
		F5BBAD7C24166FB500CBD320 /* AppDelegate.swift */ = {isa = PBXFileReference; lastKnownFileType = sourcecode.swift; path = AppDelegate.swift; sourceTree = "<group>"; };
		F5BBAD7E24166FB500CBD320 /* SceneDelegate.swift */ = {isa = PBXFileReference; lastKnownFileType = sourcecode.swift; path = SceneDelegate.swift; sourceTree = "<group>"; };
		F5BBAD8024166FB500CBD320 /* ViewController.swift */ = {isa = PBXFileReference; lastKnownFileType = sourcecode.swift; path = ViewController.swift; sourceTree = "<group>"; };
		F5BBAD8324166FB500CBD320 /* Base */ = {isa = PBXFileReference; lastKnownFileType = file.storyboard; name = Base; path = Base.lproj/Main.storyboard; sourceTree = "<group>"; };
		F5BBAD8524166FB900CBD320 /* Assets.xcassets */ = {isa = PBXFileReference; lastKnownFileType = folder.assetcatalog; path = Assets.xcassets; sourceTree = "<group>"; };
		F5BBAD8824166FB900CBD320 /* Base */ = {isa = PBXFileReference; lastKnownFileType = file.storyboard; name = Base; path = Base.lproj/LaunchScreen.storyboard; sourceTree = "<group>"; };
		F5BBAD8A24166FB900CBD320 /* Info.plist */ = {isa = PBXFileReference; lastKnownFileType = text.plist.xml; path = Info.plist; sourceTree = "<group>"; };
		F5BBAD902416799500CBD320 /* TableViewCell.swift */ = {isa = PBXFileReference; lastKnownFileType = sourcecode.swift; path = TableViewCell.swift; sourceTree = "<group>"; };
/* End PBXFileReference section */

/* Begin PBXFrameworksBuildPhase section */
		F5BBAD7624166FB500CBD320 /* Frameworks */ = {
			isa = PBXFrameworksBuildPhase;
			buildActionMask = 2147483647;
			files = (
			);
			runOnlyForDeploymentPostprocessing = 0;
		};
/* End PBXFrameworksBuildPhase section */

/* Begin PBXGroup section */
		F5BBAD7024166FB500CBD320 = {
			isa = PBXGroup;
			children = (
				F5BBAD7B24166FB500CBD320 /* GistsLoader */,
				F5BBAD7A24166FB500CBD320 /* Products */,
			);
			sourceTree = "<group>";
		};
		F5BBAD7A24166FB500CBD320 /* Products */ = {
			isa = PBXGroup;
			children = (
				F5BBAD7924166FB500CBD320 /* GistsLoader.app */,
			);
			name = Products;
			sourceTree = "<group>";
		};
		F5BBAD7B24166FB500CBD320 /* GistsLoader */ = {
			isa = PBXGroup;
			children = (
				F5BBAD7C24166FB500CBD320 /* AppDelegate.swift */,
				F5BBAD7E24166FB500CBD320 /* SceneDelegate.swift */,
				F5BBAD8024166FB500CBD320 /* ViewController.swift */,
				F5BBAD8224166FB500CBD320 /* Main.storyboard */,
				F5BBAD8524166FB900CBD320 /* Assets.xcassets */,
				F5BBAD8724166FB900CBD320 /* LaunchScreen.storyboard */,
				F5BBAD8A24166FB900CBD320 /* Info.plist */,
				F5BBAD902416799500CBD320 /* TableViewCell.swift */,
			);
			path = GistsLoader;
			sourceTree = "<group>";
		};
/* End PBXGroup section */

/* Begin PBXNativeTarget section */
		F5BBAD7824166FB500CBD320 /* GistsLoader */ = {
			isa = PBXNativeTarget;
			buildConfigurationList = F5BBAD8D24166FB900CBD320 /* Build configuration list for PBXNativeTarget "GistsLoader" */;
			buildPhases = (
				F5BBAD7524166FB500CBD320 /* Sources */,
				F5BBAD7624166FB500CBD320 /* Frameworks */,
				F5BBAD7724166FB500CBD320 /* Resources */,
			);
			buildRules = (
			);
			dependencies = (
			);
			name = GistsLoader;
			productName = GistsLoader;
			productReference = F5BBAD7924166FB500CBD320 /* GistsLoader.app */;
			productType = "com.apple.product-type.application";
		};
/* End PBXNativeTarget section */

/* Begin PBXProject section */
		F5BBAD7124166FB500CBD320 /* Project object */ = {
			isa = PBXProject;
			attributes = {
				LastSwiftUpdateCheck = 1130;
				LastUpgradeCheck = 1130;
				ORGANIZATIONNAME = ios_school;
				TargetAttributes = {
					F5BBAD7824166FB500CBD320 = {
						CreatedOnToolsVersion = 11.3.1;
					};
				};
			};
			buildConfigurationList = F5BBAD7424166FB500CBD320 /* Build configuration list for PBXProject "GistsLoader" */;
			compatibilityVersion = "Xcode 9.3";
			developmentRegion = en;
			hasScannedForEncodings = 0;
			knownRegions = (
				en,
				Base,
			);
			mainGroup = F5BBAD7024166FB500CBD320;
			productRefGroup = F5BBAD7A24166FB500CBD320 /* Products */;
			projectDirPath = "";
			projectRoot = "";
			targets = (
				F5BBAD7824166FB500CBD320 /* GistsLoader */,
			);
		};
/* End PBXProject section */

/* Begin PBXResourcesBuildPhase section */
		F5BBAD7724166FB500CBD320 /* Resources */ = {
			isa = PBXResourcesBuildPhase;
			buildActionMask = 2147483647;
			files = (
				F5BBAD8924166FB900CBD320 /* LaunchScreen.storyboard in Resources */,
				F5BBAD8624166FB900CBD320 /* Assets.xcassets in Resources */,
				F5BBAD8424166FB500CBD320 /* Main.storyboard in Resources */,
			);
			runOnlyForDeploymentPostprocessing = 0;
		};
/* End PBXResourcesBuildPhase section */

/* Begin PBXSourcesBuildPhase section */
		F5BBAD7524166FB500CBD320 /* Sources */ = {
			isa = PBXSourcesBuildPhase;
			buildActionMask = 2147483647;
			files = (
				F5BBAD8124166FB500CBD320 /* ViewController.swift in Sources */,
				F5BBAD912416799500CBD320 /* TableViewCell.swift in Sources */,
				F5BBAD7D24166FB500CBD320 /* AppDelegate.swift in Sources */,
				F5BBAD7F24166FB500CBD320 /* SceneDelegate.swift in Sources */,
			);
			runOnlyForDeploymentPostprocessing = 0;
		};
/* End PBXSourcesBuildPhase section */

/* Begin PBXVariantGroup section */
		F5BBAD8224166FB500CBD320 /* Main.storyboard */ = {
			isa = PBXVariantGroup;
			children = (
				F5BBAD8324166FB500CBD320 /* Base */,
			);
			name = Main.storyboard;
			sourceTree = "<group>";
		};
		F5BBAD8724166FB900CBD320 /* LaunchScreen.storyboard */ = {
			isa = PBXVariantGroup;
			children = (
				F5BBAD8824166FB900CBD320 /* Base */,
			);
			name = LaunchScreen.storyboard;
			sourceTree = "<group>";
		};
/* End PBXVariantGroup section */

/* Begin XCBuildConfiguration section */
		F5BBAD8B24166FB900CBD320 /* Debug */ = {
			isa = XCBuildConfiguration;
			buildSettings = {
				ALWAYS_SEARCH_USER_PATHS = NO;
				CLANG_ANALYZER_NONNULL = YES;
				CLANG_ANALYZER_NUMBER_OBJECT_CONVERSION = YES_AGGRESSIVE;
				CLANG_CXX_LANGUAGE_STANDARD = "gnu++14";
				CLANG_CXX_LIBRARY = "libc++";
				CLANG_ENABLE_MODULES = YES;
				CLANG_ENABLE_OBJC_ARC = YES;
				CLANG_ENABLE_OBJC_WEAK = YES;
				CLANG_WARN_BLOCK_CAPTURE_AUTORELEASING = YES;
				CLANG_WARN_BOOL_CONVERSION = YES;
				CLANG_WARN_COMMA = YES;
				CLANG_WARN_CONSTANT_CONVERSION = YES;
				CLANG_WARN_DEPRECATED_OBJC_IMPLEMENTATIONS = YES;
				CLANG_WARN_DIRECT_OBJC_ISA_USAGE = YES_ERROR;
				CLANG_WARN_DOCUMENTATION_COMMENTS = YES;
				CLANG_WARN_EMPTY_BODY = YES;
				CLANG_WARN_ENUM_CONVERSION = YES;
				CLANG_WARN_INFINITE_RECURSION = YES;
				CLANG_WARN_INT_CONVERSION = YES;
				CLANG_WARN_NON_LITERAL_NULL_CONVERSION = YES;
				CLANG_WARN_OBJC_IMPLICIT_RETAIN_SELF = YES;
				CLANG_WARN_OBJC_LITERAL_CONVERSION = YES;
				CLANG_WARN_OBJC_ROOT_CLASS = YES_ERROR;
				CLANG_WARN_RANGE_LOOP_ANALYSIS = YES;
				CLANG_WARN_STRICT_PROTOTYPES = YES;
				CLANG_WARN_SUSPICIOUS_MOVE = YES;
				CLANG_WARN_UNGUARDED_AVAILABILITY = YES_AGGRESSIVE;
				CLANG_WARN_UNREACHABLE_CODE = YES;
				CLANG_WARN__DUPLICATE_METHOD_MATCH = YES;
				COPY_PHASE_STRIP = NO;
				DEBUG_INFORMATION_FORMAT = dwarf;
				ENABLE_STRICT_OBJC_MSGSEND = YES;
				ENABLE_TESTABILITY = YES;
				GCC_C_LANGUAGE_STANDARD = gnu11;
				GCC_DYNAMIC_NO_PIC = NO;
				GCC_NO_COMMON_BLOCKS = YES;
				GCC_OPTIMIZATION_LEVEL = 0;
				GCC_PREPROCESSOR_DEFINITIONS = (
					"DEBUG=1",
					"$(inherited)",
				);
				GCC_WARN_64_TO_32_BIT_CONVERSION = YES;
				GCC_WARN_ABOUT_RETURN_TYPE = YES_ERROR;
				GCC_WARN_UNDECLARED_SELECTOR = YES;
				GCC_WARN_UNINITIALIZED_AUTOS = YES_AGGRESSIVE;
				GCC_WARN_UNUSED_FUNCTION = YES;
				GCC_WARN_UNUSED_VARIABLE = YES;
				IPHONEOS_DEPLOYMENT_TARGET = 13.2;
				MTL_ENABLE_DEBUG_INFO = INCLUDE_SOURCE;
				MTL_FAST_MATH = YES;
				ONLY_ACTIVE_ARCH = YES;
				SDKROOT = iphoneos;
				SWIFT_ACTIVE_COMPILATION_CONDITIONS = DEBUG;
				SWIFT_OPTIMIZATION_LEVEL = "-Onone";
			};
			name = Debug;
		};
		F5BBAD8C24166FB900CBD320 /* Release */ = {
			isa = XCBuildConfiguration;
			buildSettings = {
				ALWAYS_SEARCH_USER_PATHS = NO;
				CLANG_ANALYZER_NONNULL = YES;
				CLANG_ANALYZER_NUMBER_OBJECT_CONVERSION = YES_AGGRESSIVE;
				CLANG_CXX_LANGUAGE_STANDARD = "gnu++14";
				CLANG_CXX_LIBRARY = "libc++";
				CLANG_ENABLE_MODULES = YES;
				CLANG_ENABLE_OBJC_ARC = YES;
				CLANG_ENABLE_OBJC_WEAK = YES;
				CLANG_WARN_BLOCK_CAPTURE_AUTORELEASING = YES;
				CLANG_WARN_BOOL_CONVERSION = YES;
				CLANG_WARN_COMMA = YES;
				CLANG_WARN_CONSTANT_CONVERSION = YES;
				CLANG_WARN_DEPRECATED_OBJC_IMPLEMENTATIONS = YES;
				CLANG_WARN_DIRECT_OBJC_ISA_USAGE = YES_ERROR;
				CLANG_WARN_DOCUMENTATION_COMMENTS = YES;
				CLANG_WARN_EMPTY_BODY = YES;
				CLANG_WARN_ENUM_CONVERSION = YES;
				CLANG_WARN_INFINITE_RECURSION = YES;
				CLANG_WARN_INT_CONVERSION = YES;
				CLANG_WARN_NON_LITERAL_NULL_CONVERSION = YES;
				CLANG_WARN_OBJC_IMPLICIT_RETAIN_SELF = YES;
				CLANG_WARN_OBJC_LITERAL_CONVERSION = YES;
				CLANG_WARN_OBJC_ROOT_CLASS = YES_ERROR;
				CLANG_WARN_RANGE_LOOP_ANALYSIS = YES;
				CLANG_WARN_STRICT_PROTOTYPES = YES;
				CLANG_WARN_SUSPICIOUS_MOVE = YES;
				CLANG_WARN_UNGUARDED_AVAILABILITY = YES_AGGRESSIVE;
				CLANG_WARN_UNREACHABLE_CODE = YES;
				CLANG_WARN__DUPLICATE_METHOD_MATCH = YES;
				COPY_PHASE_STRIP = NO;
				DEBUG_INFORMATION_FORMAT = "dwarf-with-dsym";
				ENABLE_NS_ASSERTIONS = NO;
				ENABLE_STRICT_OBJC_MSGSEND = YES;
				GCC_C_LANGUAGE_STANDARD = gnu11;
				GCC_NO_COMMON_BLOCKS = YES;
				GCC_WARN_64_TO_32_BIT_CONVERSION = YES;
				GCC_WARN_ABOUT_RETURN_TYPE = YES_ERROR;
				GCC_WARN_UNDECLARED_SELECTOR = YES;
				GCC_WARN_UNINITIALIZED_AUTOS = YES_AGGRESSIVE;
				GCC_WARN_UNUSED_FUNCTION = YES;
				GCC_WARN_UNUSED_VARIABLE = YES;
				IPHONEOS_DEPLOYMENT_TARGET = 13.2;
				MTL_ENABLE_DEBUG_INFO = NO;
				MTL_FAST_MATH = YES;
				SDKROOT = iphoneos;
				SWIFT_COMPILATION_MODE = wholemodule;
				SWIFT_OPTIMIZATION_LEVEL = "-O";
				VALIDATE_PRODUCT = YES;
			};
			name = Release;
		};
		F5BBAD8E24166FB900CBD320 /* Debug */ = {
			isa = XCBuildConfiguration;
			buildSettings = {
				ASSETCATALOG_COMPILER_APPICON_NAME = AppIcon;
				CODE_SIGN_STYLE = Automatic;
				INFOPLIST_FILE = GistsLoader/Info.plist;
				LD_RUNPATH_SEARCH_PATHS = (
					"$(inherited)",
					"@executable_path/Frameworks",
				);
				PRODUCT_BUNDLE_IDENTIFIER = tash.GistsLoader;
				PRODUCT_NAME = "$(TARGET_NAME)";
				SWIFT_VERSION = 5.0;
				TARGETED_DEVICE_FAMILY = "1,2";
			};
			name = Debug;
		};
		F5BBAD8F24166FB900CBD320 /* Release */ = {
			isa = XCBuildConfiguration;
			buildSettings = {
				ASSETCATALOG_COMPILER_APPICON_NAME = AppIcon;
				CODE_SIGN_STYLE = Automatic;
				INFOPLIST_FILE = GistsLoader/Info.plist;
				LD_RUNPATH_SEARCH_PATHS = (
					"$(inherited)",
					"@executable_path/Frameworks",
				);
				PRODUCT_BUNDLE_IDENTIFIER = tash.GistsLoader;
				PRODUCT_NAME = "$(TARGET_NAME)";
				SWIFT_VERSION = 5.0;
				TARGETED_DEVICE_FAMILY = "1,2";
			};
			name = Release;
		};
/* End XCBuildConfiguration section */

/* Begin XCConfigurationList section */
		F5BBAD7424166FB500CBD320 /* Build configuration list for PBXProject "GistsLoader" */ = {
			isa = XCConfigurationList;
			buildConfigurations = (
				F5BBAD8B24166FB900CBD320 /* Debug */,
				F5BBAD8C24166FB900CBD320 /* Release */,
			);
			defaultConfigurationIsVisible = 0;
			defaultConfigurationName = Release;
		};
		F5BBAD8D24166FB900CBD320 /* Build configuration list for PBXNativeTarget "GistsLoader" */ = {
			isa = XCConfigurationList;
			buildConfigurations = (
				F5BBAD8E24166FB900CBD320 /* Debug */,
				F5BBAD8F24166FB900CBD320 /* Release */,
			);
			defaultConfigurationIsVisible = 0;
			defaultConfigurationName = Release;
		};
/* End XCConfigurationList section */
	};
	rootObject = F5BBAD7124166FB500CBD320 /* Project object */;
}
